{
  "name": "opencode",
  "lockfileVersion": 3,
  "requires": true,
  "packages": {
    "": {
      "devDependencies": {
        "@opencode-ai/plugin": "^1.0.162",
        "@tsconfig/node22": "^22.0.2",
        "typescript": "^5.8.2"
      }
    },
    "node_modules/@opencode-ai/plugin": {
      "version": "1.0.162",
      "resolved": "https://registry.npmjs.org/@opencode-ai/plugin/-/plugin-1.0.162.tgz",
      "integrity": "sha512-tiJw7SCfSlG/3tY2O0J2UT06OLuazOzsv1zYlFbLxLy/EVedtW0pzxYalO20a4e//vInvOXFkhd2jLyB5vNEVA==",
      "dev": true,
      "dependencies": {
        "@opencode-ai/sdk": "1.0.162",
        "zod": "4.1.8"
      }
    },
    "node_modules/@opencode-ai/sdk": {
      "version": "1.0.162",
      "resolved": "https://registry.npmjs.org/@opencode-ai/sdk/-/sdk-1.0.162.tgz",
      "integrity": "sha512-+XqRErBUt9eb1m3i/7WkZc/QCKCCjTaGV3MvhLhs/CUwbUn767D/ugzcG/i2ec8j/4nQmjJbjPDRmrQfvF1Qjw==",
      "dev": true
    },
    "node_modules/@tsconfig/node22": {
      "version": "22.0.5",
      "resolved": "https://registry.npmjs.org/@tsconfig/node22/-/node22-22.0.5.tgz",
      "integrity": "sha512-hLf2ld+sYN/BtOJjHUWOk568dvjFQkHnLNa6zce25GIH+vxKfvTgm3qpaH6ToF5tu/NN0IH66s+Bb5wElHrLcw==",
      "dev": true,
      "license": "MIT"
    },
    "node_modules/typescript": {
      "version": "5.9.3",
      "resolved": "https://registry.npmjs.org/typescript/-/typescript-5.9.3.tgz",
      "integrity": "sha512-jl1vZzPDinLr9eUt3J/t7V6FgNEw9QjvBPdysz9KfQDD41fQrC2Y4vKQdiaUpFT4bXlb1RHhLpp8wtm6M5TgSw==",
      "dev": true,
      "license": "Apache-2.0",
      "bin": {
        "tsc": "bin/tsc",
        "tsserver": "bin/tsserver"
      },
      "engines": {
        "node": ">=14.17"
      }
    },
    "node_modules/zod": {
      "version": "4.1.8",
      "resolved": "https://registry.npmjs.org/zod/-/zod-4.1.8.tgz",
      "integrity": "sha512-5R1P+WwQqmmMIEACyzSvo4JXHY5WiAFHRMg+zBZKgKS+Q1viRa0C1hmUKtHltoIFKtIdki3pRxkmpP74jnNYHQ==",
      "dev": true,
      "license": "MIT",
      "funding": {
        "url": "https://github.com/sponsors/colinhacks"
      }
    }
  }
}
